github.com/aquasecurity/libbpfgo v0.4.9-libbpf-1.2.0 h1:pk9L7I6wF1nTfO42+jjXhA8ozRjvtj2ZvHV/i/YC0dE=
github.com/aquasecurity/libbpfgo v0.4.9-libbpf-1.2.0/go.mod h1:UD3Mfr+JZ/ASK2VMucI/zAdEhb35LtvYXvAUdrdqE9s=
github.com/spf13/pflag v1.0.5 h1:iy+VFUOCP1a+8yFto/drg2CJ5u0yRoB7fZw3DKv/JXA=
github.com/spf13/pflag v1.0.5/go.mod h1:McXfInJRrz4CZXVZOBLb0bTZqETkiAhM9Iw0y3An2Bg=
